// !$*UTF8*$!
{
	archiveVersion = 1;
	classes = {
	};
	objectVersion = 56;
	objects = {

/* Begin PBXBuildFile section */
		0A6100422AFB7237001B6065 /* LogViewController.swift in Sources */ = {isa = PBXBuildFile; fileRef = 0A6100412AFB7237001B6065 /* LogViewController.swift */; };
		0A6100462AFB8391001B6065 /* SplitComposeViewController.swift in Sources */ = {isa = PBXBuildFile; fileRef = 0A6100452AFB8391001B6065 /* SplitComposeViewController.swift */; };
		0A6100482AFB8589001B6065 /* Split.swift in Sources */ = {isa = PBXBuildFile; fileRef = 0A6100472AFB8589001B6065 /* Split.swift */; };
		0A61004C2AFB8D3D001B6065 /* SplitCell.swift in Sources */ = {isa = PBXBuildFile; fileRef = 0A61004B2AFB8D3D001B6065 /* SplitCell.swift */; };
		0A6100522AFEE085001B6065 /* LogCollectionViewController.swift in Sources */ = {isa = PBXBuildFile; fileRef = 0A6100512AFEE085001B6065 /* LogCollectionViewController.swift */; };
		0A6100562AFEE36E001B6065 /* ColumnCell.swift in Sources */ = {isa = PBXBuildFile; fileRef = 0A6100552AFEE36E001B6065 /* ColumnCell.swift */; };
		0A6100582AFEE41F001B6065 /* Column.swift in Sources */ = {isa = PBXBuildFile; fileRef = 0A6100572AFEE41F001B6065 /* Column.swift */; };
		0AAA92602AFB6E7C00295502 /* AppDelegate.swift in Sources */ = {isa = PBXBuildFile; fileRef = 0AAA925F2AFB6E7C00295502 /* AppDelegate.swift */; };
		0AAA92622AFB6E7C00295502 /* SceneDelegate.swift in Sources */ = {isa = PBXBuildFile; fileRef = 0AAA92612AFB6E7C00295502 /* SceneDelegate.swift */; };
		0AAA92642AFB6E7C00295502 /* ViewController.swift in Sources */ = {isa = PBXBuildFile; fileRef = 0AAA92632AFB6E7C00295502 /* ViewController.swift */; };
		0AAA92672AFB6E7C00295502 /* Main.storyboard in Resources */ = {isa = PBXBuildFile; fileRef = 0AAA92652AFB6E7C00295502 /* Main.storyboard */; };
		0AAA92692AFB6E7D00295502 /* Assets.xcassets in Resources */ = {isa = PBXBuildFile; fileRef = 0AAA92682AFB6E7D00295502 /* Assets.xcassets */; };
		0AAA926C2AFB6E7D00295502 /* LaunchScreen.storyboard in Resources */ = {isa = PBXBuildFile; fileRef = 0AAA926A2AFB6E7D00295502 /* LaunchScreen.storyboard */; };
/* End PBXBuildFile section */

/* Begin PBXFileReference section */
		0A6100412AFB7237001B6065 /* LogViewController.swift */ = {isa = PBXFileReference; lastKnownFileType = sourcecode.swift; path = LogViewController.swift; sourceTree = "<group>"; };
		0A6100452AFB8391001B6065 /* SplitComposeViewController.swift */ = {isa = PBXFileReference; lastKnownFileType = sourcecode.swift; path = SplitComposeViewController.swift; sourceTree = "<group>"; };
		0A6100472AFB8589001B6065 /* Split.swift */ = {isa = PBXFileReference; lastKnownFileType = sourcecode.swift; path = Split.swift; sourceTree = "<group>"; };
		0A61004B2AFB8D3D001B6065 /* SplitCell.swift */ = {isa = PBXFileReference; lastKnownFileType = sourcecode.swift; path = SplitCell.swift; sourceTree = "<group>"; };
		0A6100512AFEE085001B6065 /* LogCollectionViewController.swift */ = {isa = PBXFileReference; lastKnownFileType = sourcecode.swift; path = LogCollectionViewController.swift; sourceTree = "<group>"; };
		0A6100552AFEE36E001B6065 /* ColumnCell.swift */ = {isa = PBXFileReference; lastKnownFileType = sourcecode.swift; path = ColumnCell.swift; sourceTree = "<group>"; };
		0A6100572AFEE41F001B6065 /* Column.swift */ = {isa = PBXFileReference; lastKnownFileType = sourcecode.swift; path = Column.swift; sourceTree = "<group>"; };
		0AAA925C2AFB6E7C00295502 /* CodePath-iOS101-Capstone.app */ = {isa = PBXFileReference; explicitFileType = wrapper.application; includeInIndex = 0; path = "CodePath-iOS101-Capstone.app"; sourceTree = BUILT_PRODUCTS_DIR; };
		0AAA925F2AFB6E7C00295502 /* AppDelegate.swift */ = {isa = PBXFileReference; lastKnownFileType = sourcecode.swift; path = AppDelegate.swift; sourceTree = "<group>"; };
		0AAA92612AFB6E7C00295502 /* SceneDelegate.swift */ = {isa = PBXFileReference; lastKnownFileType = sourcecode.swift; path = SceneDelegate.swift; sourceTree = "<group>"; };
		0AAA92632AFB6E7C00295502 /* ViewController.swift */ = {isa = PBXFileReference; lastKnownFileType = sourcecode.swift; path = ViewController.swift; sourceTree = "<group>"; };
		0AAA92662AFB6E7C00295502 /* Base */ = {isa = PBXFileReference; lastKnownFileType = file.storyboard; name = Base; path = Base.lproj/Main.storyboard; sourceTree = "<group>"; };
		0AAA92682AFB6E7D00295502 /* Assets.xcassets */ = {isa = PBXFileReference; lastKnownFileType = folder.assetcatalog; path = Assets.xcassets; sourceTree = "<group>"; };
		0AAA926B2AFB6E7D00295502 /* Base */ = {isa = PBXFileReference; lastKnownFileType = file.storyboard; name = Base; path = Base.lproj/LaunchScreen.storyboard; sourceTree = "<group>"; };
		0AAA926D2AFB6E7D00295502 /* Info.plist */ = {isa = PBXFileReference; lastKnownFileType = text.plist.xml; path = Info.plist; sourceTree = "<group>"; };
/* End PBXFileReference section */

/* Begin PBXFrameworksBuildPhase section */
		0AAA92592AFB6E7C00295502 /* Frameworks */ = {
			isa = PBXFrameworksBuildPhase;
			buildActionMask = 2147483647;
			files = (
			);
			runOnlyForDeploymentPostprocessing = 0;
		};
/* End PBXFrameworksBuildPhase section */

/* Begin PBXGroup section */
		0AAA92532AFB6E7B00295502 = {
			isa = PBXGroup;
			children = (
				0AAA925E2AFB6E7C00295502 /* CodePath-iOS101-Capstone */,
				0AAA925D2AFB6E7C00295502 /* Products */,
			);
			sourceTree = "<group>";
		};
		0AAA925D2AFB6E7C00295502 /* Products */ = {
			isa = PBXGroup;
			children = (
				0AAA925C2AFB6E7C00295502 /* CodePath-iOS101-Capstone.app */,
			);
			name = Products;
			sourceTree = "<group>";
		};
		0AAA925E2AFB6E7C00295502 /* CodePath-iOS101-Capstone */ = {
			isa = PBXGroup;
			children = (
				0AAA925F2AFB6E7C00295502 /* AppDelegate.swift */,
				0AAA92612AFB6E7C00295502 /* SceneDelegate.swift */,
				0AAA92632AFB6E7C00295502 /* ViewController.swift */,
				0AAA92652AFB6E7C00295502 /* Main.storyboard */,
				0A6100552AFEE36E001B6065 /* ColumnCell.swift */,
				0A6100512AFEE085001B6065 /* LogCollectionViewController.swift */,
				0A6100572AFEE41F001B6065 /* Column.swift */,
				0A61004B2AFB8D3D001B6065 /* SplitCell.swift */,
				0A6100452AFB8391001B6065 /* SplitComposeViewController.swift */,
				0A6100412AFB7237001B6065 /* LogViewController.swift */,
				0A6100472AFB8589001B6065 /* Split.swift */,
				0AAA92682AFB6E7D00295502 /* Assets.xcassets */,
				0AAA926A2AFB6E7D00295502 /* LaunchScreen.storyboard */,
				0AAA926D2AFB6E7D00295502 /* Info.plist */,
			);
			path = "CodePath-iOS101-Capstone";
			sourceTree = "<group>";
		};
/* End PBXGroup section */

/* Begin PBXNativeTarget section */
		0AAA925B2AFB6E7C00295502 /* CodePath-iOS101-Capstone */ = {
			isa = PBXNativeTarget;
			buildConfigurationList = 0AAA92702AFB6E7D00295502 /* Build configuration list for PBXNativeTarget "CodePath-iOS101-Capstone" */;
			buildPhases = (
				0AAA92582AFB6E7C00295502 /* Sources */,
				0AAA92592AFB6E7C00295502 /* Frameworks */,
				0AAA925A2AFB6E7C00295502 /* Resources */,
			);
			buildRules = (
			);
			dependencies = (
			);
			name = "CodePath-iOS101-Capstone";
			productName = "CodePath-iOS101-Capstone";
			productReference = 0AAA925C2AFB6E7C00295502 /* CodePath-iOS101-Capstone.app */;
			productType = "com.apple.product-type.application";
		};
/* End PBXNativeTarget section */

/* Begin PBXProject section */
		0AAA92542AFB6E7B00295502 /* Project object */ = {
			isa = PBXProject;
			attributes = {
				BuildIndependentTargetsInParallel = 1;
				LastSwiftUpdateCheck = 1430;
				LastUpgradeCheck = 1430;
				TargetAttributes = {
					0AAA925B2AFB6E7C00295502 = {
						CreatedOnToolsVersion = 14.3;
					};
				};
			};
			buildConfigurationList = 0AAA92572AFB6E7B00295502 /* Build configuration list for PBXProject "CodePath-iOS101-Capstone" */;
			compatibilityVersion = "Xcode 14.0";
			developmentRegion = en;
			hasScannedForEncodings = 0;
			knownRegions = (
				en,
				Base,
			);
			mainGroup = 0AAA92532AFB6E7B00295502;
			productRefGroup = 0AAA925D2AFB6E7C00295502 /* Products */;
			projectDirPath = "";
			projectRoot = "";
			targets = (
				0AAA925B2AFB6E7C00295502 /* CodePath-iOS101-Capstone */,
			);
		};
/* End PBXProject section */

/* Begin PBXResourcesBuildPhase section */
		0AAA925A2AFB6E7C00295502 /* Resources */ = {
			isa = PBXResourcesBuildPhase;
			buildActionMask = 2147483647;
			files = (
				0AAA926C2AFB6E7D00295502 /* LaunchScreen.storyboard in Resources */,
				0AAA92692AFB6E7D00295502 /* Assets.xcassets in Resources */,
				0AAA92672AFB6E7C00295502 /* Main.storyboard in Resources */,
			);
			runOnlyForDeploymentPostprocessing = 0;
		};
/* End PBXResourcesBuildPhase section */

/* Begin PBXSourcesBuildPhase section */
		0AAA92582AFB6E7C00295502 /* Sources */ = {
			isa = PBXSourcesBuildPhase;
			buildActionMask = 2147483647;
			files = (
				0AAA92642AFB6E7C00295502 /* ViewController.swift in Sources */,
				0A6100582AFEE41F001B6065 /* Column.swift in Sources */,
				0A61004C2AFB8D3D001B6065 /* SplitCell.swift in Sources */,
				0AAA92602AFB6E7C00295502 /* AppDelegate.swift in Sources */,
				0A6100522AFEE085001B6065 /* LogCollectionViewController.swift in Sources */,
				0A6100562AFEE36E001B6065 /* ColumnCell.swift in Sources */,
				0A6100462AFB8391001B6065 /* SplitComposeViewController.swift in Sources */,
				0AAA92622AFB6E7C00295502 /* SceneDelegate.swift in Sources */,
				0A6100482AFB8589001B6065 /* Split.swift in Sources */,
				0A6100422AFB7237001B6065 /* LogViewController.swift in Sources */,
			);
			runOnlyForDeploymentPostprocessing = 0;
		};
/* End PBXSourcesBuildPhase section */

/* Begin PBXVariantGroup section */
		0AAA92652AFB6E7C00295502 /* Main.storyboard */ = {
			isa = PBXVariantGroup;
			children = (
				0AAA92662AFB6E7C00295502 /* Base */,
			);
			name = Main.storyboard;
			sourceTree = "<group>";
		};
		0AAA926A2AFB6E7D00295502 /* LaunchScreen.storyboard */ = {
			isa = PBXVariantGroup;
			children = (
				0AAA926B2AFB6E7D00295502 /* Base */,
			);
			name = LaunchScreen.storyboard;
			sourceTree = "<group>";
		};
/* End PBXVariantGroup section */

/* Begin XCBuildConfiguration section */
		0AAA926E2AFB6E7D00295502 /* Debug */ = {
			isa = XCBuildConfiguration;
			buildSettings = {
				ALWAYS_SEARCH_USER_PATHS = NO;
				CLANG_ANALYZER_NONNULL = YES;
				CLANG_ANALYZER_NUMBER_OBJECT_CONVERSION = YES_AGGRESSIVE;
				CLANG_CXX_LANGUAGE_STANDARD = "gnu++20";
				CLANG_ENABLE_MODULES = YES;
				CLANG_ENABLE_OBJC_ARC = YES;
				CLANG_ENABLE_OBJC_WEAK = YES;
				CLANG_WARN_BLOCK_CAPTURE_AUTORELEASING = YES;
				CLANG_WARN_BOOL_CONVERSION = YES;
				CLANG_WARN_COMMA = YES;
				CLANG_WARN_CONSTANT_CONVERSION = YES;
				CLANG_WARN_DEPRECATED_OBJC_IMPLEMENTATIONS = YES;
				CLANG_WARN_DIRECT_OBJC_ISA_USAGE = YES_ERROR;
				CLANG_WARN_DOCUMENTATION_COMMENTS = YES;
				CLANG_WARN_EMPTY_BODY = YES;
				CLANG_WARN_ENUM_CONVERSION = YES;
				CLANG_WARN_INFINITE_RECURSION = YES;
				CLANG_WARN_INT_CONVERSION = YES;
				CLANG_WARN_NON_LITERAL_NULL_CONVERSION = YES;
				CLANG_WARN_OBJC_IMPLICIT_RETAIN_SELF = YES;
				CLANG_WARN_OBJC_LITERAL_CONVERSION = YES;
				CLANG_WARN_OBJC_ROOT_CLASS = YES_ERROR;
				CLANG_WARN_QUOTED_INCLUDE_IN_FRAMEWORK_HEADER = YES;
				CLANG_WARN_RANGE_LOOP_ANALYSIS = YES;
				CLANG_WARN_STRICT_PROTOTYPES = YES;
				CLANG_WARN_SUSPICIOUS_MOVE = YES;
				CLANG_WARN_UNGUARDED_AVAILABILITY = YES_AGGRESSIVE;
				CLANG_WARN_UNREACHABLE_CODE = YES;
				CLANG_WARN__DUPLICATE_METHOD_MATCH = YES;
				COPY_PHASE_STRIP = NO;
				DEBUG_INFORMATION_FORMAT = dwarf;
				ENABLE_STRICT_OBJC_MSGSEND = YES;
				ENABLE_TESTABILITY = YES;
				GCC_C_LANGUAGE_STANDARD = gnu11;
				GCC_DYNAMIC_NO_PIC = NO;
				GCC_NO_COMMON_BLOCKS = YES;
				GCC_OPTIMIZATION_LEVEL = 0;
				GCC_PREPROCESSOR_DEFINITIONS = (
					"DEBUG=1",
					"$(inherited)",
				);
				GCC_WARN_64_TO_32_BIT_CONVERSION = YES;
				GCC_WARN_ABOUT_RETURN_TYPE = YES_ERROR;
				GCC_WARN_UNDECLARED_SELECTOR = YES;
				GCC_WARN_UNINITIALIZED_AUTOS = YES_AGGRESSIVE;
				GCC_WARN_UNUSED_FUNCTION = YES;
				GCC_WARN_UNUSED_VARIABLE = YES;
				IPHONEOS_DEPLOYMENT_TARGET = 16.4;
				MTL_ENABLE_DEBUG_INFO = INCLUDE_SOURCE;
				MTL_FAST_MATH = YES;
				ONLY_ACTIVE_ARCH = YES;
				SDKROOT = iphoneos;
				SWIFT_ACTIVE_COMPILATION_CONDITIONS = DEBUG;
				SWIFT_OPTIMIZATION_LEVEL = "-Onone";
			};
			name = Debug;
		};
		0AAA926F2AFB6E7D00295502 /* Release */ = {
			isa = XCBuildConfiguration;
			buildSettings = {
				ALWAYS_SEARCH_USER_PATHS = NO;
				CLANG_ANALYZER_NONNULL = YES;
				CLANG_ANALYZER_NUMBER_OBJECT_CONVERSION = YES_AGGRESSIVE;
				CLANG_CXX_LANGUAGE_STANDARD = "gnu++20";
				CLANG_ENABLE_MODULES = YES;
				CLANG_ENABLE_OBJC_ARC = YES;
				CLANG_ENABLE_OBJC_WEAK = YES;
				CLANG_WARN_BLOCK_CAPTURE_AUTORELEASING = YES;
				CLANG_WARN_BOOL_CONVERSION = YES;
				CLANG_WARN_COMMA = YES;
				CLANG_WARN_CONSTANT_CONVERSION = YES;
				CLANG_WARN_DEPRECATED_OBJC_IMPLEMENTATIONS = YES;
				CLANG_WARN_DIRECT_OBJC_ISA_USAGE = YES_ERROR;
				CLANG_WARN_DOCUMENTATION_COMMENTS = YES;
				CLANG_WARN_EMPTY_BODY = YES;
				CLANG_WARN_ENUM_CONVERSION = YES;
				CLANG_WARN_INFINITE_RECURSION = YES;
				CLANG_WARN_INT_CONVERSION = YES;
				CLANG_WARN_NON_LITERAL_NULL_CONVERSION = YES;
				CLANG_WARN_OBJC_IMPLICIT_RETAIN_SELF = YES;
				CLANG_WARN_OBJC_LITERAL_CONVERSION = YES;
				CLANG_WARN_OBJC_ROOT_CLASS = YES_ERROR;
				CLANG_WARN_QUOTED_INCLUDE_IN_FRAMEWORK_HEADER = YES;
				CLANG_WARN_RANGE_LOOP_ANALYSIS = YES;
				CLANG_WARN_STRICT_PROTOTYPES = YES;
				CLANG_WARN_SUSPICIOUS_MOVE = YES;
				CLANG_WARN_UNGUARDED_AVAILABILITY = YES_AGGRESSIVE;
				CLANG_WARN_UNREACHABLE_CODE = YES;
				CLANG_WARN__DUPLICATE_METHOD_MATCH = YES;
				COPY_PHASE_STRIP = NO;
				DEBUG_INFORMATION_FORMAT = "dwarf-with-dsym";
				ENABLE_NS_ASSERTIONS = NO;
				ENABLE_STRICT_OBJC_MSGSEND = YES;
				GCC_C_LANGUAGE_STANDARD = gnu11;
				GCC_NO_COMMON_BLOCKS = YES;
				GCC_WARN_64_TO_32_BIT_CONVERSION = YES;
				GCC_WARN_ABOUT_RETURN_TYPE = YES_ERROR;
				GCC_WARN_UNDECLARED_SELECTOR = YES;
				GCC_WARN_UNINITIALIZED_AUTOS = YES_AGGRESSIVE;
				GCC_WARN_UNUSED_FUNCTION = YES;
				GCC_WARN_UNUSED_VARIABLE = YES;
				IPHONEOS_DEPLOYMENT_TARGET = 16.4;
				MTL_ENABLE_DEBUG_INFO = NO;
				MTL_FAST_MATH = YES;
				SDKROOT = iphoneos;
				SWIFT_COMPILATION_MODE = wholemodule;
				SWIFT_OPTIMIZATION_LEVEL = "-O";
				VALIDATE_PRODUCT = YES;
			};
			name = Release;
		};
		0AAA92712AFB6E7D00295502 /* Debug */ = {
			isa = XCBuildConfiguration;
			buildSettings = {
				ASSETCATALOG_COMPILER_APPICON_NAME = AppIcon;
				ASSETCATALOG_COMPILER_GLOBAL_ACCENT_COLOR_NAME = AccentColor;
				CODE_SIGN_STYLE = Automatic;
				CURRENT_PROJECT_VERSION = 1;
				GENERATE_INFOPLIST_FILE = YES;
				INFOPLIST_FILE = "CodePath-iOS101-Capstone/Info.plist";
				INFOPLIST_KEY_UIApplicationSupportsIndirectInputEvents = YES;
				INFOPLIST_KEY_UILaunchStoryboardName = LaunchScreen;
				INFOPLIST_KEY_UIMainStoryboardFile = Main;
				INFOPLIST_KEY_UISupportedInterfaceOrientations_iPad = "UIInterfaceOrientationPortrait UIInterfaceOrientationPortraitUpsideDown UIInterfaceOrientationLandscapeLeft UIInterfaceOrientationLandscapeRight";
				INFOPLIST_KEY_UISupportedInterfaceOrientations_iPhone = "UIInterfaceOrientationPortrait UIInterfaceOrientationLandscapeLeft UIInterfaceOrientationLandscapeRight";
				LD_RUNPATH_SEARCH_PATHS = (
					"$(inherited)",
					"@executable_path/Frameworks",
				);
				MARKETING_VERSION = 1.0;
				PRODUCT_BUNDLE_IDENTIFIER = "KevinRamos.CodePath-iOS101-Capstone";
				PRODUCT_NAME = "$(TARGET_NAME)";
				SWIFT_EMIT_LOC_STRINGS = YES;
				SWIFT_VERSION = 5.0;
				TARGETED_DEVICE_FAMILY = "1,2";
			};
			name = Debug;
		};
		0AAA92722AFB6E7D00295502 /* Release */ = {
			isa = XCBuildConfiguration;
			buildSettings = {
				ASSETCATALOG_COMPILER_APPICON_NAME = AppIcon;
				ASSETCATALOG_COMPILER_GLOBAL_ACCENT_COLOR_NAME = AccentColor;
				CODE_SIGN_STYLE = Automatic;
				CURRENT_PROJECT_VERSION = 1;
				GENERATE_INFOPLIST_FILE = YES;
				INFOPLIST_FILE = "CodePath-iOS101-Capstone/Info.plist";
				INFOPLIST_KEY_UIApplicationSupportsIndirectInputEvents = YES;
				INFOPLIST_KEY_UILaunchStoryboardName = LaunchScreen;
				INFOPLIST_KEY_UIMainStoryboardFile = Main;
				INFOPLIST_KEY_UISupportedInterfaceOrientations_iPad = "UIInterfaceOrientationPortrait UIInterfaceOrientationPortraitUpsideDown UIInterfaceOrientationLandscapeLeft UIInterfaceOrientationLandscapeRight";
				INFOPLIST_KEY_UISupportedInterfaceOrientations_iPhone = "UIInterfaceOrientationPortrait UIInterfaceOrientationLandscapeLeft UIInterfaceOrientationLandscapeRight";
				LD_RUNPATH_SEARCH_PATHS = (
					"$(inherited)",
					"@executable_path/Frameworks",
				);
				MARKETING_VERSION = 1.0;
				PRODUCT_BUNDLE_IDENTIFIER = "KevinRamos.CodePath-iOS101-Capstone";
				PRODUCT_NAME = "$(TARGET_NAME)";
				SWIFT_EMIT_LOC_STRINGS = YES;
				SWIFT_VERSION = 5.0;
				TARGETED_DEVICE_FAMILY = "1,2";
			};
			name = Release;
		};
/* End XCBuildConfiguration section */

/* Begin XCConfigurationList section */
		0AAA92572AFB6E7B00295502 /* Build configuration list for PBXProject "CodePath-iOS101-Capstone" */ = {
			isa = XCConfigurationList;
			buildConfigurations = (
				0AAA926E2AFB6E7D00295502 /* Debug */,
				0AAA926F2AFB6E7D00295502 /* Release */,
			);
			defaultConfigurationIsVisible = 0;
			defaultConfigurationName = Release;
		};
		0AAA92702AFB6E7D00295502 /* Build configuration list for PBXNativeTarget "CodePath-iOS101-Capstone" */ = {
			isa = XCConfigurationList;
			buildConfigurations = (
				0AAA92712AFB6E7D00295502 /* Debug */,
				0AAA92722AFB6E7D00295502 /* Release */,
			);
			defaultConfigurationIsVisible = 0;
			defaultConfigurationName = Release;
		};
/* End XCConfigurationList section */
	};
	rootObject = 0AAA92542AFB6E7B00295502 /* Project object */;
}
